{
  "object": {
    "pins": [
      {
        "package": "CodableUtils",
        "repositoryURL": "https://github.com/ultim8p/CodableUtils",
        "state": {
          "branch": null,
          "revision": "45a6378f16e700fdbbd6df13a67ebad1f517af80",
          "version": "0.0.3"
        }
      },
      {
        "package": "Mergeable",
        "repositoryURL": "https://github.com/ultim8p/Mergeable",
        "state": {
          "branch": null,
          "revision": "00fdf637275ca344a6a5b405be4ae0892226676d",
          "version": "0.0.3"
        }
      }
    ]
  },
  "version": 1
}
